{
  "lockfile_version": "1",
  "packages": {
    "bazelisk@1.18.0": {
      "last_modified": "2023-09-17T10:54:49Z",
      "resolved": "github:NixOS/nixpkgs/5148520bfab61f99fd25fb9ff7bfbb50dad3c9db#bazelisk",
      "source": "devbox-search",
      "version": "1.18.0"
    },
    "black@23.9.1": {
      "last_modified": "2023-09-17T10:54:49Z",
      "resolved": "github:NixOS/nixpkgs/5148520bfab61f99fd25fb9ff7bfbb50dad3c9db#black",
      "source": "devbox-search",
      "version": "23.9.1"
    },
    "buildifier@5.1.0": {
      "last_modified": "2022-05-14T15:20:22Z",
      "resolved": "github:NixOS/nixpkgs/f7a22851667ac89ac1863ede0d8c386fc6eb12a0#buildifier",
      "source": "devbox-search",
      "version": "5.1.0"
    },
    "kubectl@latest": {
      "last_modified": "2023-12-13T22:54:10Z",
      "resolved": "github:NixOS/nixpkgs/fd04bea4cbf76f86f244b9e2549fca066db8ddff#kubectl",
      "source": "devbox-search",
      "version": "1.28.4",
      "systems": {
        "aarch64-darwin": {
          "store_path": "/nix/store/n082kkafm88sckhn6dib17mr0izmgvgv-kubectl-1.28.4"
        },
        "aarch64-linux": {
          "store_path": "/nix/store/ga2yx93m6hmdds1j42whq323jmdbr4ph-kubectl-1.28.4"
        },
        "x86_64-darwin": {
          "store_path": "/nix/store/340l2mgfk0bw31ssdxagny5rbimqxk9z-kubectl-1.28.4"
        },
        "x86_64-linux": {
          "store_path": "/nix/store/wmz6qf68wysh6k8iqpqsbjpmwrxvwjcr-kubectl-1.28.4"
        }
      }
    },
    "kubevirt@latest": {
      "last_modified": "2023-12-13T22:54:10Z",
      "resolved": "github:NixOS/nixpkgs/fd04bea4cbf76f86f244b9e2549fca066db8ddff#kubevirt",
      "source": "devbox-search",
      "version": "1.1.0",
      "systems": {
        "aarch64-darwin": {
          "store_path": "/nix/store/29cbf3y183yf9yv9ki713lvpbra49rzx-kubevirt-1.1.0"
        },
        "aarch64-linux": {
          "store_path": "/nix/store/5rv2yi82i8r3wmbjxvd290qp8986whz1-kubevirt-1.1.0"
        },
        "x86_64-darwin": {
          "store_path": "/nix/store/yk0v0c6jz3p2i7425vwfa80z7izp1z39-kubevirt-1.1.0"
        },
        "x86_64-linux": {
          "store_path": "/nix/store/rnp4p2sfn7inpmnhccwy053j58wg2iz8-kubevirt-1.1.0"
        }
      }
    },
    "lefthook@1.4.8": {
      "last_modified": "2023-09-17T10:54:49Z",
      "resolved": "github:NixOS/nixpkgs/5148520bfab61f99fd25fb9ff7bfbb50dad3c9db#lefthook",
      "source": "devbox-search",
      "version": "1.4.8"
    },
    "libarchive@latest": {
      "last_modified": "2023-10-04T02:19:08Z",
      "resolved": "github:NixOS/nixpkgs/d1c9180c6d1f8fce9469436f48c1cb8180d7087d#libarchive",
      "source": "devbox-search",
      "version": "3.6.2",
      "systems": {
        "aarch64-darwin": {
          "store_path": "/nix/store/lfgjark4i8nhwmpxlgbiv33yfqx9hq98-libarchive-3.6.2"
        },
        "aarch64-linux": {
          "store_path": "/nix/store/f7sj04qg2xq8n3gkm776sw8hig0q0l39-libarchive-3.6.2"
        },
        "x86_64-darwin": {
          "store_path": "/nix/store/yflwdja393vbvvh7nv2hshn1dwhy6mwa-libarchive-3.6.2"
        },
        "x86_64-linux": {
          "store_path": "/nix/store/8vgrdyfs1ncd8hg83qkdhs2152c9y04x-libarchive-3.6.2"
        }
      }
    },
    "nixos-rebuild@latest": {
      "last_modified": "2023-12-13T22:54:10Z",
      "resolved": "github:NixOS/nixpkgs/fd04bea4cbf76f86f244b9e2549fca066db8ddff#nixos-rebuild",
      "source": "devbox-search",
      "systems": {
        "aarch64-linux": {
          "store_path": "/nix/store/lvdvlm6j41mkykldg84kkx7xd1bwsghw-nixos-rebuild"
        },
        "x86_64-linux": {
          "store_path": "/nix/store/34kyi1rwzqpfyb6vm4y3jxfwj4iy8vz7-nixos-rebuild"
        }
      }
    },
    "nixpkgs-fmt@1.3.0": {
      "last_modified": "2023-09-17T10:54:49Z",
      "resolved": "github:NixOS/nixpkgs/5148520bfab61f99fd25fb9ff7bfbb50dad3c9db#nixpkgs-fmt",
      "source": "devbox-search",
      "version": "1.3.0"
    },
    "nodePackages.pnpm@8.7.5": {
      "last_modified": "2023-09-16T18:11:59Z",
      "resolved": "github:NixOS/nixpkgs/b2e813ada825ef491546ea81f42ef2d37ce71bf6#nodePackages.pnpm",
      "source": "devbox-search",
      "version": "8.7.5",
      "systems": {
        "aarch64-linux": {
          "store_path": "/nix/store/dn93vz8nqqln96r0r45f353jc7fnf48n-pnpm-8.7.5"
        },
        "x86_64-linux": {
          "store_path": "/nix/store/bj41725jfc23pz1pz6h56y04l4699zhn-pnpm-8.7.5"
        }
      }
    },
    "nodePackages.prettier@3.0.3": {
      "last_modified": "2023-09-17T10:54:49Z",
      "resolved": "github:NixOS/nixpkgs/5148520bfab61f99fd25fb9ff7bfbb50dad3c9db#nodePackages.prettier",
      "source": "devbox-search",
      "version": "3.0.3"
    },
    "pdm@2.12.3": {
      "last_modified": "2024-02-05T02:15:44Z",
      "resolved": "github:NixOS/nixpkgs/0a254180b4cad6be45aa46dce896bdb8db5d2930#pdm",
      "source": "devbox-search",
      "version": "2.12.3",
      "systems": {
        "aarch64-darwin": {
          "store_path": "/nix/store/4v4prvipjljdzq86qj9sx2kg3a2m5sv1-pdm-2.12.3"
        },
        "aarch64-linux": {
          "store_path": "/nix/store/2hw0rnd6sapaz30qll7crlwlgp49k76k-pdm-2.12.3"
        },
        "x86_64-darwin": {
          "store_path": "/nix/store/d2r2ggxivcxba4417g2kghg76qpiq1h2-pdm-2.12.3"
        },
        "x86_64-linux": {
          "store_path": "/nix/store/brmayzcr4c2rwl9gp69cxr697ay19bd4-pdm-2.12.3"
        }
      }
    },
    "python310Packages.pip@23.2.1": {
      "last_modified": "2023-12-13T22:54:10Z",
      "resolved": "github:NixOS/nixpkgs/fd04bea4cbf76f86f244b9e2549fca066db8ddff#python310Packages.pip",
      "source": "devbox-search",
      "version": "23.2.1",
      "systems": {
        "aarch64-darwin": {
          "store_path": "/nix/store/vjyrxbxqsadvr9g6mzig6y406dhwcrqi-python3.10-pip-23.2.1"
        },
        "aarch64-linux": {
          "store_path": "/nix/store/j8pxwv7vyjm8z2fqglijjvabbkmxbv9r-python3.10-pip-23.2.1"
        },
        "x86_64-darwin": {
          "store_path": "/nix/store/7lyvqf8wl47wzgsqmlcz39ycmwxyg9zx-python3.10-pip-23.2.1"
        },
        "x86_64-linux": {
          "store_path": "/nix/store/gdhvfi5zaqzpa5l3kk0spmv71r549slf-python3.10-pip-23.2.1"
        }
      }
    }
  }
}
