dependencies:
- name: psmdb-operator-crds
  repository: file://../../../../third_party/vendir/charts/psmdb-operator-crds
  version: 1.23.0
- name: psmdb-operator
  repository: file://../../../../third_party/vendir/charts/psmdb-operator
  version: 1.23.1
digest: sha256:666dbb704bce8861fa2112aa9c66bf3d48ae9a33fd0003ad6928b7b51156a896
generated: "2026-09-30T10:40:57.811894+02:00"
