locks:
  f/raket/github_comments.flow:
    __flow_hash: ca930e34918ab4730860cbe4965319e8ada5607057b70918b96f248ff290963b
    inline_script_0.inline_script.py: 7b606f922aa7233d9c0150154c99a3f3a3c0c92ab030272b160deb04493aaef5
  f/raket/markdown_parser: 224212a136f021a621078c45d95bad6207f22fcc42829a247b1288bdf911f36b
  f/raket/plan: 15a66cd0b0f7e352553937516d6655c487313391fb9437bf0a6181e3a27820e4
  f/raket/plan2: d429993249e29b26451fc121e0e7e2cecf5a3fcf1e1327651922dc6ffe12b1e7
