{"version":4,"terraform_version":"1.10.6","serial":12,"lineage":"798fd7d0-3ca8-6c7e-a37b-61ef3ddb680e","outputs":{"datacenter":{"value":"nbg1-dc3","type":"string"},"ipv4_address":{"value":"46.224.93.115","type":"string"},"ipv6_address":{"value":"2a01:4f8:1c1a:69c2::1","type":"string"},"server_id":{"value":"115152473","type":"string"},"server_name":{"value":"gateway-prod","type":"string"},"talos_endpoint":{"value":"https://46.224.93.115:50000","type":"string"}},"resources":[{"mode":"managed","type":"hcloud_firewall","name":"gateway","provider":"provider[\"registry.opentofu.org/hetznercloud/hcloud\"]","instances":[{"schema_version":0,"attributes":{"apply_to":[],"id":"10280006","labels":{},"name":"gateway-prod-firewall","rule":[{"description":"","destination_ips":[],"direction":"in","port":"22","protocol":"tcp","source_ips":["0.0.0.0/0","::/0"]},{"description":null,"destination_ips":[],"direction":"in","port":"443","protocol":"tcp","source_ips":["0.0.0.0/0","::/0"]},{"description":null,"destination_ips":[],"direction":"in","port":"50000","protocol":"tcp","source_ips":["0.0.0.0/0","::/0"]},{"description":null,"destination_ips":[],"direction":"in","port":"51820","protocol":"udp","source_ips":["0.0.0.0/0","::/0"]},{"description":null,"destination_ips":[],"direction":"in","port":"80","protocol":"tcp","source_ips":["0.0.0.0/0","::/0"]}]},"sensitive_attributes":[],"private":"bnVsbA=="}]},{"mode":"managed","type":"hcloud_server","name":"gateway","provider":"provider[\"registry.opentofu.org/hetznercloud/hcloud\"]","instances":[{"schema_version":0,"attributes":{"allow_deprecated_images":false,"backup_window":"","backups":false,"datacenter":"nbg1-dc3","delete_protection":false,"firewall_ids":[10280006],"id":"115152473","ignore_remote_firewall_ids":false,"image":"ubuntu-24.04","ipv4_address":"46.224.93.115","ipv6_address":"2a01:4f8:1c1a:69c2::1","ipv6_network":"2a01:4f8:1c1a:69c2::/64","iso":null,"keep_disk":false,"labels":{"environment":"production","managed_by":"terraform","role":"gateway"},"location":"nbg1","name":"gateway-prod","network":[],"placement_group_id":0,"primary_disk_size":40,"public_net":[],"rebuild_protection":false,"rescue":null,"server_type":"cx23","shutdown_before_deletion":false,"ssh_keys":["104420406"],"status":"running","timeouts":null,"user_data":"0SfcPFCJQpJUH3mbt7lPwjQUR5k="},"sensitive_attributes":[],"private":"eyJlMmJmYjczMC1lY2FhLTExZTYtOGY4OC0zNDM2M2JjN2M0YzAiOnsiY3JlYXRlIjo1NDAwMDAwMDAwMDAwfX0=","dependencies":["hcloud_firewall.gateway","hcloud_ssh_key.gateway"]}]},{"mode":"managed","type":"hcloud_ssh_key","name":"gateway","provider":"provider[\"registry.opentofu.org/hetznercloud/hcloud\"]","instances":[{"schema_version":0,"attributes":{"fingerprint":"99:2e:95:4a:34:7c:a4:c9:28:3d:8c:0b:d4:2a:11:b6","id":"104420406","labels":{},"name":"gateway-prod-key","public_key":"ssh-ed25519 AAAAC3NzaC1lZDI1NTE5AAAAIAvXN6EpJc9+19awLUuqdVvvjZ1v/ofx9dee9UzM3xXp"},"sensitive_attributes":[]}]}],"check_results":null}
