version = "0.7.3"
home = "/Users/maarten"
config_dir = "/Users/maarten/.sheldon"
data_dir = "/Users/maarten/.sheldon"
config_file = "/Users/maarten/.sheldon/plugins.toml"

[[plugins]]
name = "pure"
source_dir = "/Users/maarten/.sheldon/repos/github.com/sindresorhus/pure"
files = ["/Users/maarten/.sheldon/repos/github.com/sindresorhus/pure/async.zsh", "/Users/maarten/.sheldon/repos/github.com/sindresorhus/pure/pure.zsh"]
apply = ["source"]

[plugins.hooks]

[[plugins]]
name = "zsh-autosuggestions"
source_dir = "/Users/maarten/.sheldon/repos/github.com/zsh-users/zsh-autosuggestions"
files = ["/Users/maarten/.sheldon/repos/github.com/zsh-users/zsh-autosuggestions/zsh-autosuggestions.zsh"]
apply = ["source"]

[plugins.hooks]

[[plugins]]
name = "zsh-syntax-highlighting"
source_dir = "/Users/maarten/.sheldon/repos/github.com/zsh-users/zsh-syntax-highlighting"
files = ["/Users/maarten/.sheldon/repos/github.com/zsh-users/zsh-syntax-highlighting/zsh-syntax-highlighting.plugin.zsh"]
apply = ["source"]

[plugins.hooks]

[[plugins]]
name = "zsh-z"
source_dir = "/Users/maarten/.sheldon/repos/github.com/agkozak/zsh-z"
files = ["/Users/maarten/.sheldon/repos/github.com/agkozak/zsh-z/zsh-z.plugin.zsh"]
apply = ["source"]

[plugins.hooks]

[[plugins]]
name = "atuin"
source_dir = "/Users/maarten/.sheldon/repos/github.com/ellie/atuin"
files = ["/Users/maarten/.sheldon/repos/github.com/ellie/atuin/atuin.plugin.zsh"]
apply = ["source"]

[plugins.hooks]

[templates]
PATH = "export PATH=\"{{ dir }}:$PATH\""
path = "path=( \"{{ dir }}\" $path )"
fpath = "fpath=( \"{{ dir }}\" $fpath )"
source = "{{ hooks | get: \"pre\" | nl }}{% for file in files %}source \"{{ file }}\"\n{% endfor %}{{ hooks | get: \"post\" | nl }}"
